{
  "name": "bookshelves",
  "lockfileVersion": 3,
  "requires": true,
  "packages": {
    "": {
      "dependencies": {
        "opencode-ai": "^0.4.38"
      }
    },
    "node_modules/opencode-ai": {
      "version": "0.4.41",
      "resolved": "https://registry.npmjs.org/opencode-ai/-/opencode-ai-0.4.41.tgz",
      "integrity": "sha512-qr3gdjiREw+9u3nMBIH+ZmxRerbb6k+Net3sV5qo4OpG4oVVNUa8rKKGe7oTVLzNbJpGa5l1moKNsBaXrCwAzg==",
      "hasInstallScript": true,
      "bin": {
        "opencode": "bin/opencode"
      },
      "optionalDependencies": {
        "opencode-darwin-arm64": "0.4.41",
        "opencode-darwin-x64": "0.4.41",
        "opencode-darwin-x64-baseline": "0.4.41",
        "opencode-linux-arm64": "0.4.41",
        "opencode-linux-x64": "0.4.41",
        "opencode-linux-x64-baseline": "0.4.41",
        "opencode-windows-x64": "0.4.41"
      }
    },
    "node_modules/opencode-darwin-arm64": {
      "version": "0.4.41",
      "resolved": "https://registry.npmjs.org/opencode-darwin-arm64/-/opencode-darwin-arm64-0.4.41.tgz",
      "integrity": "sha512-4P4auvMLHySF0VlXMgXKl/hSVCC7fuw1tniXOx3wOgHFkjwqrdt8HB9ljkglnnsO/fsE2qEVBQN5UPQBU2FCMg==",
      "cpu": [
        "arm64"
      ],
      "optional": true,
      "os": [
        "darwin"
      ]
    },
    "node_modules/opencode-darwin-x64": {
      "version": "0.4.41",
      "resolved": "https://registry.npmjs.org/opencode-darwin-x64/-/opencode-darwin-x64-0.4.41.tgz",
      "integrity": "sha512-18adnlUMzkWltZ5KCe9BneZlmk9MsOvg81FQRCnztPA4lctdnJiCQ7eZLLm9IM0Wzz2Fy+0gBCokp5JLHF990A==",
      "cpu": [
        "x64"
      ],
      "optional": true,
      "os": [
        "darwin"
      ]
    },
    "node_modules/opencode-darwin-x64-baseline": {
      "version": "0.4.41",
      "resolved": "https://registry.npmjs.org/opencode-darwin-x64-baseline/-/opencode-darwin-x64-baseline-0.4.41.tgz",
      "integrity": "sha512-jkJTibopgIfgtkHueMno1OiwLOCeF82YKBw35Hyr5xg4BoGNQQ9+OBl3VJiB2+QF6eNZDPfsEfeaXjEa8inRSg==",
      "cpu": [
        "x64-baseline"
      ],
      "optional": true,
      "os": [
        "darwin"
      ]
    },
    "node_modules/opencode-linux-arm64": {
      "version": "0.4.41",
      "resolved": "https://registry.npmjs.org/opencode-linux-arm64/-/opencode-linux-arm64-0.4.41.tgz",
      "integrity": "sha512-QimxG6gD84e1C724VCKvSj8R8QE4/c+CH9zn7ltFhB4GrA7CM1+LLkvf5UyvPXpoel7ZywTq24IunBcATcqLBg==",
      "cpu": [
        "arm64"
      ],
      "optional": true,
      "os": [
        "linux"
      ]
    },
    "node_modules/opencode-linux-x64": {
      "version": "0.4.41",
      "resolved": "https://registry.npmjs.org/opencode-linux-x64/-/opencode-linux-x64-0.4.41.tgz",
      "integrity": "sha512-YfSRs/t+jSKIXsrUiZHd8g9KoU8IcicQDgM2L7zEJ31Y2UMBIkRApFdWbd1DIIs5Y9PXtfYLZ4NGl5E3D1vaHw==",
      "cpu": [
        "x64"
      ],
      "optional": true,
      "os": [
        "linux"
      ]
    },
    "node_modules/opencode-linux-x64-baseline": {
      "version": "0.4.41",
      "resolved": "https://registry.npmjs.org/opencode-linux-x64-baseline/-/opencode-linux-x64-baseline-0.4.41.tgz",
      "integrity": "sha512-SL01dbB/RfOUQs3rVRft5eRsnaFaQguDIMGJAIuVn99wIC7wlljQLteAQjwODOYIjokHPh5DZ8lNrD25OcVzJg==",
      "cpu": [
        "x64-baseline"
      ],
      "optional": true,
      "os": [
        "linux"
      ]
    },
    "node_modules/opencode-windows-x64": {
      "version": "0.4.41",
      "resolved": "https://registry.npmjs.org/opencode-windows-x64/-/opencode-windows-x64-0.4.41.tgz",
      "integrity": "sha512-NBHvBXiUmH+ctbiJJU6G7gpH5Sh0poYM+7Y2kb9RTAfXe8QaYGgNb6ATOYjTdHn9DtmQK++YK3NV1isVbp0C3g==",
      "cpu": [
        "x64"
      ],
      "optional": true,
      "os": [
        "win32"
      ]
    }
  }
}
